
Microsoft Visual Studio Solution File, Format Version 12.00
# Visual Studio Version 17
VisualStudioVersion = 17.2.32526.322
MinimumVisualStudioVersion = 10.0.40219.1
Project("{2150E333-8FDC-42A3-9474-1A3956D46DE8}") = "API", "API", "{7FB5AFAE-00AD-4A0E-9E1C-84D3E54A5314}"
EndProject
Project("{2150E333-8FDC-42A3-9474-1A3956D46DE8}") = "Application", "Application", "{2DAB60D7-5A6B-4CEC-A89D-2D0EA563B334}"
EndProject
Project("{2150E333-8FDC-42A3-9474-1A3956D46DE8}") = "Tools", "Tools", "{BCDD88E8-992E-4798-A26E-12FB1F55E5A5}"
EndProject
Project("{FAE04EC0-301F-11D3-BF4B-00C04F79EFBC}") = "Models", "Models\Models.csproj", "{C15AF059-7764-46A8-B60B-FD9CA9FD6CDD}"
EndProject
Project("{FAE04EC0-301F-11D3-BF4B-00C04F79EFBC}") = "PracticeWithTypes", "PracticeWithTypes\PracticeWithTypes.csproj", "{4A8CEAE7-13A4-4372-AA6C-F49B9ED2EDC4}"
EndProject
Project("{FAE04EC0-301F-11D3-BF4B-00C04F79EFBC}") = "Services", "Services\Services.csproj", "{746D4238-F4BC-4120-89BA-341FFAC6EC33}"
EndProject
Project("{FAE04EC0-301F-11D3-BF4B-00C04F79EFBC}") = "PracticeListAndDictionary", "PracticeListAndDictionary\PracticeListAndDictionary.csproj", "{ABCCDC2E-052A-4ACA-A679-B2AD877A42ED}"
EndProject
Project("{FAE04EC0-301F-11D3-BF4B-00C04F79EFBC}") = "ServiceTests", "ServiceTests\ServiceTests.csproj", "{A2C80E40-9B4D-40F5-BE96-C77EF0AD2DAE}"
EndProject
Project("{2150E333-8FDC-42A3-9474-1A3956D46DE8}") = "Docs", "Docs", "{ECA8FEB2-CB13-46BA-86DD-C8E52E8C8A89}"
	ProjectSection(SolutionItems) = preProject
		..\..\Downloads\run_sql_query.sql = ..\..\Downloads\run_sql_query.sql
	EndProjectSection
EndProject
Project("{FAE04EC0-301F-11D3-BF4B-00C04F79EFBC}") = "Migration", "Migration\Migration.csproj", "{AE8D3FF1-A816-4C63-B841-7B057CF37BB6}"
EndProject
Project("{FAE04EC0-301F-11D3-BF4B-00C04F79EFBC}") = "ModelsDb", "ModelsDb\ModelsDb.csproj", "{48F1771C-ADBC-43C6-BB61-7B8BB53803EB}"
EndProject
Project("{FAE04EC0-301F-11D3-BF4B-00C04F79EFBC}") = "ExportTool", "ExportTool\ExportTool.csproj", "{5BCDC92E-57D9-440C-896A-89A7AAE59EB3}"
EndProject
Project("{2150E333-8FDC-42A3-9474-1A3956D46DE8}") = "ExportData", "ExportData", "{A941384F-FCDA-4519-89BE-515A46EBB9A9}"
EndProject
Global
	GlobalSection(SolutionConfigurationPlatforms) = preSolution
		Debug|Any CPU = Debug|Any CPU
		Release|Any CPU = Release|Any CPU
	EndGlobalSection
	GlobalSection(ProjectConfigurationPlatforms) = postSolution
		{C15AF059-7764-46A8-B60B-FD9CA9FD6CDD}.Debug|Any CPU.ActiveCfg = Debug|Any CPU
		{C15AF059-7764-46A8-B60B-FD9CA9FD6CDD}.Debug|Any CPU.Build.0 = Debug|Any CPU
		{C15AF059-7764-46A8-B60B-FD9CA9FD6CDD}.Release|Any CPU.ActiveCfg = Release|Any CPU
		{C15AF059-7764-46A8-B60B-FD9CA9FD6CDD}.Release|Any CPU.Build.0 = Release|Any CPU
		{4A8CEAE7-13A4-4372-AA6C-F49B9ED2EDC4}.Debug|Any CPU.ActiveCfg = Debug|Any CPU
		{4A8CEAE7-13A4-4372-AA6C-F49B9ED2EDC4}.Debug|Any CPU.Build.0 = Debug|Any CPU
		{4A8CEAE7-13A4-4372-AA6C-F49B9ED2EDC4}.Release|Any CPU.ActiveCfg = Release|Any CPU
		{4A8CEAE7-13A4-4372-AA6C-F49B9ED2EDC4}.Release|Any CPU.Build.0 = Release|Any CPU
		{746D4238-F4BC-4120-89BA-341FFAC6EC33}.Debug|Any CPU.ActiveCfg = Debug|Any CPU
		{746D4238-F4BC-4120-89BA-341FFAC6EC33}.Debug|Any CPU.Build.0 = Debug|Any CPU
		{746D4238-F4BC-4120-89BA-341FFAC6EC33}.Release|Any CPU.ActiveCfg = Release|Any CPU
		{746D4238-F4BC-4120-89BA-341FFAC6EC33}.Release|Any CPU.Build.0 = Release|Any CPU
		{ABCCDC2E-052A-4ACA-A679-B2AD877A42ED}.Debug|Any CPU.ActiveCfg = Debug|Any CPU
		{ABCCDC2E-052A-4ACA-A679-B2AD877A42ED}.Debug|Any CPU.Build.0 = Debug|Any CPU
		{ABCCDC2E-052A-4ACA-A679-B2AD877A42ED}.Release|Any CPU.ActiveCfg = Release|Any CPU
		{ABCCDC2E-052A-4ACA-A679-B2AD877A42ED}.Release|Any CPU.Build.0 = Release|Any CPU
		{A2C80E40-9B4D-40F5-BE96-C77EF0AD2DAE}.Debug|Any CPU.ActiveCfg = Debug|Any CPU
		{A2C80E40-9B4D-40F5-BE96-C77EF0AD2DAE}.Debug|Any CPU.Build.0 = Debug|Any CPU
		{A2C80E40-9B4D-40F5-BE96-C77EF0AD2DAE}.Release|Any CPU.ActiveCfg = Release|Any CPU
		{A2C80E40-9B4D-40F5-BE96-C77EF0AD2DAE}.Release|Any CPU.Build.0 = Release|Any CPU
		{AE8D3FF1-A816-4C63-B841-7B057CF37BB6}.Debug|Any CPU.ActiveCfg = Debug|Any CPU
		{AE8D3FF1-A816-4C63-B841-7B057CF37BB6}.Debug|Any CPU.Build.0 = Debug|Any CPU
		{AE8D3FF1-A816-4C63-B841-7B057CF37BB6}.Release|Any CPU.ActiveCfg = Release|Any CPU
		{AE8D3FF1-A816-4C63-B841-7B057CF37BB6}.Release|Any CPU.Build.0 = Release|Any CPU
		{48F1771C-ADBC-43C6-BB61-7B8BB53803EB}.Debug|Any CPU.ActiveCfg = Debug|Any CPU
		{48F1771C-ADBC-43C6-BB61-7B8BB53803EB}.Debug|Any CPU.Build.0 = Debug|Any CPU
		{48F1771C-ADBC-43C6-BB61-7B8BB53803EB}.Release|Any CPU.ActiveCfg = Release|Any CPU
		{48F1771C-ADBC-43C6-BB61-7B8BB53803EB}.Release|Any CPU.Build.0 = Release|Any CPU
		{5BCDC92E-57D9-440C-896A-89A7AAE59EB3}.Debug|Any CPU.ActiveCfg = Debug|Any CPU
		{5BCDC92E-57D9-440C-896A-89A7AAE59EB3}.Debug|Any CPU.Build.0 = Debug|Any CPU
		{5BCDC92E-57D9-440C-896A-89A7AAE59EB3}.Release|Any CPU.ActiveCfg = Release|Any CPU
		{5BCDC92E-57D9-440C-896A-89A7AAE59EB3}.Release|Any CPU.Build.0 = Release|Any CPU
	EndGlobalSection
	GlobalSection(SolutionProperties) = preSolution
		HideSolutionNode = FALSE
	EndGlobalSection
	GlobalSection(ExtensibilityGlobals) = postSolution
		SolutionGuid = {0097849E-39FC-49C1-B05C-98D472240A58}
	EndGlobalSection
	GlobalSection(NestedProjects) = preSolution
		{C15AF059-7764-46A8-B60B-FD9CA9FD6CDD} = {2DAB60D7-5A6B-4CEC-A89D-2D0EA563B334}
		{4A8CEAE7-13A4-4372-AA6C-F49B9ED2EDC4} = {BCDD88E8-992E-4798-A26E-12FB1F55E5A5}
		{746D4238-F4BC-4120-89BA-341FFAC6EC33} = {2DAB60D7-5A6B-4CEC-A89D-2D0EA563B334}
		{ABCCDC2E-052A-4ACA-A679-B2AD877A42ED} = {BCDD88E8-992E-4798-A26E-12FB1F55E5A5}
		{A2C80E40-9B4D-40F5-BE96-C77EF0AD2DAE} = {2DAB60D7-5A6B-4CEC-A89D-2D0EA563B334}
		{AE8D3FF1-A816-4C63-B841-7B057CF37BB6} = {BCDD88E8-992E-4798-A26E-12FB1F55E5A5}
		{48F1771C-ADBC-43C6-BB61-7B8BB53803EB} = {2DAB60D7-5A6B-4CEC-A89D-2D0EA563B334}
		{5BCDC92E-57D9-440C-896A-89A7AAE59EB3} = {BCDD88E8-992E-4798-A26E-12FB1F55E5A5}
		{A941384F-FCDA-4519-89BE-515A46EBB9A9} = {BCDD88E8-992E-4798-A26E-12FB1F55E5A5}
	EndGlobalSection
EndGlobal
